
Microsoft Visual Studio Solution File, Format Version 12.00
# Visual Studio Version 17
VisualStudioVersion = 17.14.36915.13
MinimumVisualStudioVersion = 10.0.40219.1
Project("{FAE04EC0-301F-11D3-BF4B-00C04F79EFBC}") = "UNBEATABLE Discord RPC", "UNBEATABLE Discord RPC\UNBEATABLE Discord RPC.csproj", "{F5807A9A-D459-44F7-A445-A4C290011077}"
EndProject
Global
	GlobalSection(SolutionConfigurationPlatforms) = preSolution
		Debug|Any CPU = Debug|Any CPU
		Release|Any CPU = Release|Any CPU
	EndGlobalSection
	GlobalSection(ProjectConfigurationPlatforms) = postSolution
		{F5807A9A-D459-44F7-A445-A4C290011077}.Debug|Any CPU.ActiveCfg = Debug|Any CPU
		{F5807A9A-D459-44F7-A445-A4C290011077}.Debug|Any CPU.Build.0 = Debug|Any CPU
		{F5807A9A-D459-44F7-A445-A4C290011077}.Release|Any CPU.ActiveCfg = Release|Any CPU
		{F5807A9A-D459-44F7-A445-A4C290011077}.Release|Any CPU.Build.0 = Release|Any CPU
	EndGlobalSection
	GlobalSection(SolutionProperties) = preSolution
		HideSolutionNode = FALSE
	EndGlobalSection
	GlobalSection(ExtensibilityGlobals) = postSolution
		SolutionGuid = {558D5A40-E8CD-40F0-8422-8A5FDBB2A345}
	EndGlobalSection
EndGlobal
